{
  "nodes": {
    "disko": {
      "inputs": {
        "nixpkgs": [
          "nixpkgs"
        ]
      },
      "locked": {
        "lastModified": 1720402389,
        "narHash": "sha256-zJv6euDOrJWMHBhxfp/ay+Dvjwpe8YtMuEI5b09bxmo=",
        "owner": "nix-community",
        "repo": "disko",
        "rev": "f1a00e7f55dc266ef286cc6fc8458fa2b5ca2414",
        "type": "github"
      },
      "original": {
        "owner": "nix-community",
        "repo": "disko",
        "type": "github"
      }
    },
    "firefox-addons": {
      "inputs": {
        "flake-utils": "flake-utils",
        "nixpkgs": [
          "nixpkgs"
        ]
      },
      "locked": {
        "dir": "pkgs/firefox-addons",
        "lastModified": 1720646367,
        "narHash": "sha256-zL866PLubDsoovmDMAd+w48y71h96Ekp32K9W0+VSTE=",
        "owner": "rycee",
        "repo": "nur-expressions",
        "rev": "9297bcc4fc543b2cf36cd32bd65f1f3a54e381d0",
        "type": "gitlab"
      },
      "original": {
        "dir": "pkgs/firefox-addons",
        "owner": "rycee",
        "repo": "nur-expressions",
        "type": "gitlab"
      }
    },
    "flake-utils": {
      "locked": {
        "lastModified": 1629284811,
        "narHash": "sha256-JHgasjPR0/J1J3DRm4KxM4zTyAj4IOJY8vIl75v/kPI=",
        "owner": "numtide",
        "repo": "flake-utils",
        "rev": "c5d161cc0af116a2e17f54316f0bf43f0819785c",
        "type": "github"
      },
      "original": {
        "owner": "numtide",
        "repo": "flake-utils",
        "type": "github"
      }
    },
    "home-manager": {
      "inputs": {
        "nixpkgs": [
          "nixpkgs"
        ]
      },
      "locked": {
        "lastModified": 1720042825,
        "narHash": "sha256-A0vrUB6x82/jvf17qPCpxaM+ulJnD8YZwH9Ci0BsAzE=",
        "owner": "nix-community",
        "repo": "home-manager",
        "rev": "e1391fb22e18a36f57e6999c7a9f966dc80ac073",
        "type": "github"
      },
      "original": {
        "owner": "nix-community",
        "ref": "release-24.05",
        "repo": "home-manager",
        "type": "github"
      }
    },
    "nix-index-database": {
      "inputs": {
        "nixpkgs": [
          "nixpkgs"
        ]
      },
      "locked": {
        "lastModified": 1720334033,
        "narHash": "sha256-X9pEvvHTVWJphhbUYqXvlLedOndNqGB7rvhSvL2CIgU=",
        "owner": "nix-community",
        "repo": "nix-index-database",
        "rev": "685e40e1348007d2cf76747a201bab43d86b38cb",
        "type": "github"
      },
      "original": {
        "owner": "nix-community",
        "repo": "nix-index-database",
        "type": "github"
      }
    },
    "nixlib": {
      "locked": {
        "lastModified": 1719708727,
        "narHash": "sha256-XFNKtyirrGNdehpg7lMNm1skEcBApjqGhaHc/OI95HY=",
        "owner": "nix-community",
        "repo": "nixpkgs.lib",
        "rev": "1bba8a624b3b9d4f68db94fb63aaeb46039ce9e6",
        "type": "github"
      },
      "original": {
        "owner": "nix-community",
        "repo": "nixpkgs.lib",
        "type": "github"
      }
    },
    "nixos-generators": {
      "inputs": {
        "nixlib": "nixlib",
        "nixpkgs": [
          "nixpkgs"
        ]
      },
      "locked": {
        "lastModified": 1720055043,
        "narHash": "sha256-SKizewU4UeYrkZWPUjur8EoxscGoNb0pGcrNL4YzAIg=",
        "owner": "nix-community",
        "repo": "nixos-generators",
        "rev": "168b220231a70e47cc1f0919048fa5914415fb18",
        "type": "github"
      },
      "original": {
        "owner": "nix-community",
        "repo": "nixos-generators",
        "type": "github"
      }
    },
    "nixos-hardware": {
      "locked": {
        "lastModified": 1720515935,
        "narHash": "sha256-8b+fzR4W2hI5axwB+4nBwoA15awPKkck4ghhCt8v39M=",
        "owner": "NixOS",
        "repo": "nixos-hardware",
        "rev": "a111ce6b537df12a39874aa9672caa87f8677eda",
        "type": "github"
      },
      "original": {
        "owner": "NixOS",
        "ref": "master",
        "repo": "nixos-hardware",
        "type": "github"
      }
    },
    "nixpkgs": {
      "locked": {
        "lastModified": 1720553833,
        "narHash": "sha256-IXMiHQMtdShDXcBW95ctA+m5Oq2kLxnBt7WlMxvDQXA=",
        "owner": "nixos",
        "repo": "nixpkgs",
        "rev": "249fbde2a178a2ea2638b65b9ecebd531b338cf9",
        "type": "github"
      },
      "original": {
        "owner": "nixos",
        "ref": "nixos-24.05",
        "repo": "nixpkgs",
        "type": "github"
      }
    },
    "nixpkgs-unstable": {
      "locked": {
        "lastModified": 1720418205,
        "narHash": "sha256-cPJoFPXU44GlhWg4pUk9oUPqurPlCFZ11ZQPk21GTPU=",
        "owner": "nixos",
        "repo": "nixpkgs",
        "rev": "655a58a72a6601292512670343087c2d75d859c1",
        "type": "github"
      },
      "original": {
        "owner": "nixos",
        "ref": "nixos-unstable",
        "repo": "nixpkgs",
        "type": "github"
      }
    },
    "root": {
      "inputs": {
        "disko": "disko",
        "firefox-addons": "firefox-addons",
        "home-manager": "home-manager",
        "nix-index-database": "nix-index-database",
        "nixos-generators": "nixos-generators",
        "nixos-hardware": "nixos-hardware",
        "nixpkgs": "nixpkgs",
        "nixpkgs-unstable": "nixpkgs-unstable"
      }
    }
  },
  "root": "root",
  "version": 7
}
