{
  "nodes": {
    "crane": {
      "locked": {
        "lastModified": 1727974419,
        "narHash": "sha256-WD0//20h+2/yPGkO88d2nYbb23WMWYvnRyDQ9Dx4UHg=",
        "owner": "ipetkov",
        "repo": "crane",
        "rev": "37e4f9f0976cb9281cd3f0c70081e5e0ecaee93f",
        "type": "github"
      },
      "original": {
        "owner": "ipetkov",
        "repo": "crane",
        "type": "github"
      }
    },
    "disko": {
      "inputs": {
        "nixpkgs": [
          "nixpkgs"
        ]
      },
      "locked": {
        "lastModified": 1735468753,
        "narHash": "sha256-2dt1nOe9zf9pDkf5Kn7FUFyPRo581s0n90jxYXJ94l0=",
        "owner": "nix-community",
        "repo": "disko",
        "rev": "84a5b93637cc16cbfcc61b6e1684d626df61eb21",
        "type": "github"
      },
      "original": {
        "owner": "nix-community",
        "repo": "disko",
        "type": "github"
      }
    },
    "eza-preview-yazi": {
      "flake": false,
      "locked": {
        "lastModified": 1733098101,
        "narHash": "sha256-L7i+uL2kAx3AUr5EAzRrduoV2m4+/tE1gCfbTOSuAc4=",
        "owner": "ahkohd",
        "repo": "eza-preview.yazi",
        "rev": "245a1d9c61bbb94063e8ea0746a1a29ac81fee94",
        "type": "github"
      },
      "original": {
        "owner": "ahkohd",
        "ref": "nightly",
        "repo": "eza-preview.yazi",
        "type": "github"
      }
    },
    "firefox-addons": {
      "inputs": {
        "flake-utils": [
          "flake-utils"
        ],
        "nixpkgs": [
          "nixpkgs"
        ]
      },
      "locked": {
        "dir": "pkgs/firefox-addons",
        "lastModified": 1735979945,
        "narHash": "sha256-qT25PnbcQ30ypnI8fNazRDsq3WmBXC8Lo+OvPr+Ct+o=",
        "owner": "rycee",
        "repo": "nur-expressions",
        "rev": "b93d8cdf12139da45146a6c3cf53141a437c41ec",
        "type": "gitlab"
      },
      "original": {
        "dir": "pkgs/firefox-addons",
        "owner": "rycee",
        "repo": "nur-expressions",
        "type": "gitlab"
      }
    },
    "firefox-gnome-theme": {
      "flake": false,
      "locked": {
        "lastModified": 1735922675,
        "narHash": "sha256-wRN87/3VO48XDxasaYwrMtrJIvUPIAg0KLIBpp8SOFc=",
        "owner": "rafaelmardojai",
        "repo": "firefox-gnome-theme",
        "rev": "28b913d79d1419585e0f3fc783f5728cd6200347",
        "type": "github"
      },
      "original": {
        "owner": "rafaelmardojai",
        "repo": "firefox-gnome-theme",
        "type": "github"
      }
    },
    "flake-utils": {
      "inputs": {
        "systems": "systems"
      },
      "locked": {
        "lastModified": 1731533236,
        "narHash": "sha256-l0KFg5HjrsfsO/JpG+r7fRrqm12kzFHyUHqHCVpMMbI=",
        "owner": "numtide",
        "repo": "flake-utils",
        "rev": "11707dc2f618dd54ca8739b309ec4fc024de578b",
        "type": "github"
      },
      "original": {
        "owner": "numtide",
        "repo": "flake-utils",
        "type": "github"
      }
    },
    "gasp": {
      "inputs": {
        "nixpkgs": [
          "nixpkgs"
        ]
      },
      "locked": {
        "lastModified": 1735614202,
        "narHash": "sha256-Lm+Mp7Ue4tcuppplj/C+M0DBvs6F+Gih2tKdgRggvZA=",
        "owner": "llakala",
        "repo": "gasp",
        "rev": "1cb3a651b7df796de07cd9ea0585d36aea85530b",
        "type": "github"
      },
      "original": {
        "owner": "llakala",
        "repo": "gasp",
        "type": "github"
      }
    },
    "helix-unstable": {
      "inputs": {
        "crane": "crane",
        "flake-utils": [
          "flake-utils"
        ],
        "nixpkgs": [
          "nixpkgs-helix"
        ],
        "rust-overlay": "rust-overlay"
      },
      "locked": {
        "lastModified": 1736007070,
        "narHash": "sha256-/sIqNrVaExdXrfvbbTO39CQ34e68Hq85zhF1x0yDEE4=",
        "owner": "helix-editor",
        "repo": "helix",
        "rev": "353176082e05696b292ccf65955333bd18deef97",
        "type": "github"
      },
      "original": {
        "owner": "helix-editor",
        "repo": "helix",
        "type": "github"
      }
    },
    "home-manager": {
      "inputs": {
        "nixpkgs": [
          "nixpkgs"
        ]
      },
      "locked": {
        "lastModified": 1735344290,
        "narHash": "sha256-oJDtWPH1oJT34RJK1FSWjwX4qcGOBRkcNQPD0EbSfNM=",
        "owner": "nix-community",
        "repo": "home-manager",
        "rev": "613691f285dad87694c2ba1c9e6298d04736292d",
        "type": "github"
      },
      "original": {
        "owner": "nix-community",
        "ref": "release-24.11",
        "repo": "home-manager",
        "type": "github"
      }
    },
    "home-manager-unstable": {
      "inputs": {
        "nixpkgs": [
          "nixpkgs-unstable"
        ]
      },
      "locked": {
        "lastModified": 1735979091,
        "narHash": "sha256-WpFjt6+8UD81EP386c269ZTqpEmlGJgcPw+OB4b7EBs=",
        "owner": "nix-community",
        "repo": "home-manager",
        "rev": "11ab08541e61ac3bbf2ab27229f68622629401df",
        "type": "github"
      },
      "original": {
        "owner": "nix-community",
        "ref": "master",
        "repo": "home-manager",
        "type": "github"
      }
    },
    "kanagawa-yazi": {
      "flake": false,
      "locked": {
        "lastModified": 1735407325,
        "narHash": "sha256-PGn1AfH5gg+DNx9vZuXpB8r7t6Put8bCTr3I8VDhYXg=",
        "owner": "dangooddd",
        "repo": "kanagawa.yazi",
        "rev": "240194c43d103511b48fd928055ab52fe0fc085b",
        "type": "github"
      },
      "original": {
        "owner": "dangooddd",
        "repo": "kanagawa.yazi",
        "type": "github"
      }
    },
    "nixos-hardware": {
      "locked": {
        "lastModified": 1735388221,
        "narHash": "sha256-e5IOgjQf0SZcFCEV/gMGrsI0gCJyqOKShBQU0iiM3Kg=",
        "owner": "NixOS",
        "repo": "nixos-hardware",
        "rev": "7c674c6734f61157e321db595dbfcd8523e04e19",
        "type": "github"
      },
      "original": {
        "owner": "NixOS",
        "ref": "master",
        "repo": "nixos-hardware",
        "type": "github"
      }
    },
    "nixpkgs": {
      "locked": {
        "lastModified": 1735922141,
        "narHash": "sha256-vk0xwGZSlvZ/596yxOtsk4gxsIx2VemzdjiU8zhjgWw=",
        "owner": "nixos",
        "repo": "nixpkgs",
        "rev": "d29ab98cd4a70a387b8ceea3e930b3340d41ac5a",
        "type": "github"
      },
      "original": {
        "owner": "nixos",
        "ref": "nixos-24.11",
        "repo": "nixpkgs",
        "type": "github"
      }
    },
    "nixpkgs-helix": {
      "locked": {
        "lastModified": 1728018373,
        "narHash": "sha256-NOiTvBbRLIOe5F6RbHaAh6++BNjsb149fGZd1T4+KBg=",
        "owner": "nixos",
        "repo": "nixpkgs",
        "rev": "bc947f541ae55e999ffdb4013441347d83b00feb",
        "type": "github"
      },
      "original": {
        "owner": "nixos",
        "repo": "nixpkgs",
        "rev": "bc947f541ae55e999ffdb4013441347d83b00feb",
        "type": "github"
      }
    },
    "nixpkgs-unstable": {
      "locked": {
        "lastModified": 1735834308,
        "narHash": "sha256-dklw3AXr3OGO4/XT1Tu3Xz9n/we8GctZZ75ZWVqAVhk=",
        "owner": "nixos",
        "repo": "nixpkgs",
        "rev": "6df24922a1400241dae323af55f30e4318a6ca65",
        "type": "github"
      },
      "original": {
        "owner": "nixos",
        "ref": "nixos-unstable",
        "repo": "nixpkgs",
        "type": "github"
      }
    },
    "rebuild-but-less-dumb": {
      "inputs": {
        "nixpkgs": [
          "nixpkgs"
        ]
      },
      "locked": {
        "lastModified": 1735614011,
        "narHash": "sha256-EWAdRg6hMLtztrso+AZIeMuzJrcPOpbzKQpGEluSls4=",
        "owner": "llakala",
        "repo": "rebuild-but-less-dumb",
        "rev": "61b445e784c30d9b4e0b9a7dec3bb1cd883e79ab",
        "type": "github"
      },
      "original": {
        "owner": "llakala",
        "repo": "rebuild-but-less-dumb",
        "type": "github"
      }
    },
    "root": {
      "inputs": {
        "disko": "disko",
        "eza-preview-yazi": "eza-preview-yazi",
        "firefox-addons": "firefox-addons",
        "firefox-gnome-theme": "firefox-gnome-theme",
        "flake-utils": "flake-utils",
        "gasp": "gasp",
        "helix-unstable": "helix-unstable",
        "home-manager": "home-manager",
        "home-manager-unstable": "home-manager-unstable",
        "kanagawa-yazi": "kanagawa-yazi",
        "nixos-hardware": "nixos-hardware",
        "nixpkgs": "nixpkgs",
        "nixpkgs-helix": "nixpkgs-helix",
        "nixpkgs-unstable": "nixpkgs-unstable",
        "rebuild-but-less-dumb": "rebuild-but-less-dumb",
        "yazi-plugins": "yazi-plugins"
      }
    },
    "rust-overlay": {
      "inputs": {
        "nixpkgs": [
          "helix-unstable",
          "nixpkgs"
        ]
      },
      "locked": {
        "lastModified": 1728268235,
        "narHash": "sha256-lJMFnMO4maJuNO6PQ5fZesrTmglze3UFTTBuKGwR1Nw=",
        "owner": "oxalica",
        "repo": "rust-overlay",
        "rev": "25685cc2c7054efc31351c172ae77b21814f2d42",
        "type": "github"
      },
      "original": {
        "owner": "oxalica",
        "repo": "rust-overlay",
        "type": "github"
      }
    },
    "systems": {
      "locked": {
        "lastModified": 1681028828,
        "narHash": "sha256-Vy1rq5AaRuLzOxct8nz4T6wlgyUR7zLU309k9mBC768=",
        "owner": "nix-systems",
        "repo": "default",
        "rev": "da67096a3b9bf56a91d16901293e51ba5b49a27e",
        "type": "github"
      },
      "original": {
        "owner": "nix-systems",
        "repo": "default",
        "type": "github"
      }
    },
    "yazi-plugins": {
      "flake": false,
      "locked": {
        "lastModified": 1735830840,
        "narHash": "sha256-mQkivPt9tOXom78jgvSwveF/8SD8M2XCXxGY8oijl+o=",
        "owner": "yazi-rs",
        "repo": "plugins",
        "rev": "600614a9dc59a12a63721738498c5541c7923873",
        "type": "github"
      },
      "original": {
        "owner": "yazi-rs",
        "repo": "plugins",
        "type": "github"
      }
    }
  },
  "root": "root",
  "version": 7
}
