{
  "nodes": {
    "firefox-addons": {
      "inputs": {
        "nixpkgs": [
          "nixpkgs"
        ]
      },
      "locked": {
        "dir": "pkgs/firefox-addons",
        "lastModified": 1758168230,
        "narHash": "sha256-Fsb3Tpo3QRlRAKvDCoMvWD99y+ioY62kgU/cjMr203U=",
        "owner": "rycee",
        "repo": "nur-expressions",
        "rev": "285da329ed3e03565cba6f92b7f21350831266e3",
        "type": "gitlab"
      },
      "original": {
        "dir": "pkgs/firefox-addons",
        "owner": "rycee",
        "repo": "nur-expressions",
        "type": "gitlab"
      }
    },
    "gasp": {
      "inputs": {
        "llakaLib": [
          "llakaLib"
        ],
        "nixpkgs": [
          "nixpkgs"
        ]
      },
      "locked": {
        "lastModified": 1749350238,
        "narHash": "sha256-dZYXN4UE2FR51mLV5yemtVuxQrwLspy9wKUMX7HLRlU=",
        "owner": "llakala",
        "repo": "gasp",
        "rev": "fb0c5e9c4750a0294daa25df2b1dce3bc4edc23e",
        "type": "github"
      },
      "original": {
        "owner": "llakala",
        "repo": "gasp",
        "type": "github"
      }
    },
    "home-manager": {
      "inputs": {
        "nixpkgs": [
          "nixpkgs"
        ]
      },
      "locked": {
        "lastModified": 1758207369,
        "narHash": "sha256-BG7GlXo5moXtrFSCqnkIb1Q00szOZXTj5Dx7NmWgves=",
        "owner": "nix-community",
        "repo": "home-manager",
        "rev": "b5698ed57db7ee7da5e93df2e6bbada91c88f3ce",
        "type": "github"
      },
      "original": {
        "owner": "nix-community",
        "ref": "master",
        "repo": "home-manager",
        "type": "github"
      }
    },
    "kanagawa-yazi": {
      "flake": false,
      "locked": {
        "lastModified": 1756179652,
        "narHash": "sha256-nGFiAgVWfq7RkuGGCt07zm3z7ZTGiIPIR319ojPfdUk=",
        "owner": "dangooddd",
        "repo": "kanagawa.yazi",
        "rev": "a0b1d9dec31387b5f8a82c96044e6419b6c46534",
        "type": "github"
      },
      "original": {
        "owner": "dangooddd",
        "repo": "kanagawa.yazi",
        "type": "github"
      }
    },
    "llakaLib": {
      "inputs": {
        "nixpkgs": [
          "nixpkgs"
        ]
      },
      "locked": {
        "lastModified": 1746399052,
        "narHash": "sha256-nUgP55/0K7QcAVN+NaNhDHlC4EZWa0VgHVPQDs4Gr3E=",
        "owner": "llakala",
        "repo": "llakaLib",
        "rev": "78e744b1ea60c1baf2c66962570316db940a445a",
        "type": "github"
      },
      "original": {
        "owner": "llakala",
        "repo": "llakaLib",
        "type": "github"
      }
    },
    "menu": {
      "inputs": {
        "llakaLib": [
          "llakaLib"
        ],
        "nixpkgs": [
          "nixpkgs"
        ]
      },
      "locked": {
        "lastModified": 1746399202,
        "narHash": "sha256-eo8/ZVZQDUNjYNIayzcGpyc0gcbisRO9jOK4q5zC1lc=",
        "owner": "llakala",
        "repo": "menu",
        "rev": "d37e7a90458cbfa9f772b6c06137c344ae2ff286",
        "type": "github"
      },
      "original": {
        "owner": "llakala",
        "repo": "menu",
        "type": "github"
      }
    },
    "meovim": {
      "inputs": {
        "mnw": "mnw",
        "nixpkgs": [
          "nixpkgs"
        ]
      },
      "locked": {
        "lastModified": 1758678238,
        "narHash": "sha256-uKUukxXonvGyU/i4JDVusyXH5TCt0/V8ZzC0hRUYEbo=",
        "owner": "llakala",
        "repo": "meovim",
        "rev": "7bf9c332e30f28857869fd37980339dd79576a9a",
        "type": "github"
      },
      "original": {
        "owner": "llakala",
        "repo": "meovim",
        "type": "github"
      }
    },
    "mnw": {
      "locked": {
        "lastModified": 1756659871,
        "narHash": "sha256-v6Rh4aQ6RKjM2N02kK9Usn0Ix7+OY66vNpeklc1MnGE=",
        "owner": "Gerg-L",
        "repo": "mnw",
        "rev": "ed6cc3e48557ba18266e598a5ebb6602499ada16",
        "type": "github"
      },
      "original": {
        "owner": "Gerg-L",
        "repo": "mnw",
        "type": "github"
      }
    },
    "nixos-hardware": {
      "locked": {
        "lastModified": 1757943327,
        "narHash": "sha256-w6cDExPBqbq7fTLo4dZ1ozDGeq3yV6dSN4n/sAaS6OM=",
        "owner": "NixOS",
        "repo": "nixos-hardware",
        "rev": "67a709cfe5d0643dafd798b0b613ed579de8be05",
        "type": "github"
      },
      "original": {
        "owner": "NixOS",
        "ref": "master",
        "repo": "nixos-hardware",
        "type": "github"
      }
    },
    "nixpkgs": {
      "locked": {
        "lastModified": 1758035966,
        "narHash": "sha256-qqIJ3yxPiB0ZQTT9//nFGQYn8X/PBoJbofA7hRKZnmE=",
        "owner": "nixos",
        "repo": "nixpkgs",
        "rev": "8d4ddb19d03c65a36ad8d189d001dc32ffb0306b",
        "type": "github"
      },
      "original": {
        "owner": "nixos",
        "ref": "nixos-unstable",
        "repo": "nixpkgs",
        "type": "github"
      }
    },
    "plasma-manager": {
      "inputs": {
        "home-manager": [
          "home-manager"
        ],
        "nixpkgs": [
          "nixpkgs"
        ]
      },
      "locked": {
        "lastModified": 1758185783,
        "narHash": "sha256-6fX2CG8PzdBNwJGBISnf/nVHUVMZdCsekT1mP672Uh8=",
        "owner": "nix-community",
        "repo": "plasma-manager",
        "rev": "6a7d78cebd9a0f84a508bec9bc47ac504c5f51f4",
        "type": "github"
      },
      "original": {
        "owner": "nix-community",
        "repo": "plasma-manager",
        "type": "github"
      }
    },
    "root": {
      "inputs": {
        "firefox-addons": "firefox-addons",
        "gasp": "gasp",
        "home-manager": "home-manager",
        "kanagawa-yazi": "kanagawa-yazi",
        "llakaLib": "llakaLib",
        "menu": "menu",
        "meovim": "meovim",
        "nixos-hardware": "nixos-hardware",
        "nixpkgs": "nixpkgs",
        "plasma-manager": "plasma-manager"
      }
    }
  },
  "root": "root",
  "version": 7
}
